Microsoft Visual Studio Solution File, Format Version 12.00
# Visual Studio Version 17
VisualStudioVersion = 17.13.35716.79
MinimumVisualStudioVersion = 10.0.40219.1
Project("{FAE04EC0-301F-11D3-BF4B-00C04F79EFBC}") = "Sociam.Api", "Sociam.Api\Sociam.Api.csproj", "{86FF0541-82DE-45D9-9239-16CE1EB8F93A}"
EndProject
Project("{FAE04EC0-301F-11D3-BF4B-00C04F79EFBC}") = "Sociam.Domain", "Sociam.Domain\Sociam.Domain.csproj", "{8BCF2766-6D0A-4AD5-B828-C21660C3D1FB}"
EndProject
Project("{FAE04EC0-301F-11D3-BF4B-00C04F79EFBC}") = "Sociam.Application", "Sociam.Application\Sociam.Application.csproj", "{A5B3148B-9E05-4A46-BAC0-7DBAAF8F8E2A}"
EndProject
Project("{FAE04EC0-301F-11D3-BF4B-00C04F79EFBC}") = "Sociam.Persistence", "Sociam.Persistence\Sociam.Persistence.csproj", "{0B1463EB-DFC2-4DE3-B2B8-7E7347866106}"
EndProject
Project("{FAE04EC0-301F-11D3-BF4B-00C04F79EFBC}") = "Sociam.Infrastructure", "Sociam.Infrastructure\Sociam.Infrastructure.csproj", "{515D68AB-7312-448C-AC99-6DB3910255B2}"
EndProject
Project("{FAE04EC0-301F-11D3-BF4B-00C04F79EFBC}") = "Sociam.Services", "Sociam.Services\Sociam.Services.csproj", "{F94D1FF7-F49E-4276-8FD5-BCB157E93ED7}"
EndProject
Project("{2150E333-8FDC-42A3-9474-1A3956D46DE8}") = "Src", "Src", "{02EA681E-C7D8-13C7-8484-4AC65E1B71E8}"
EndProject
Project("{2150E333-8FDC-42A3-9474-1A3956D46DE8}") = "Test", "Test", "{71ADF77F-CD01-41F9-8F52-D59A421EF72B}"
EndProject
Project("{2150E333-8FDC-42A3-9474-1A3956D46DE8}") = "Core", "Core", "{60B72B74-6EFE-4842-9753-FF1DEA8350D3}"
EndProject
Project("{2150E333-8FDC-42A3-9474-1A3956D46DE8}") = "Presentation", "Presentation", "{8FC6312B-7C72-4BB2-AEEB-4853DE34B2D1}"
EndProject
Project("{2150E333-8FDC-42A3-9474-1A3956D46DE8}") = "Infrastructure", "Infrastructure", "{A6DC075B-D71F-46AD-A6C5-CB16A2CDBB28}"
EndProject
Global
	GlobalSection(SolutionConfigurationPlatforms) = preSolution
		Debug|Any CPU = Debug|Any CPU
		Release|Any CPU = Release|Any CPU
	EndGlobalSection
	GlobalSection(ProjectConfigurationPlatforms) = postSolution
		{86FF0541-82DE-45D9-9239-16CE1EB8F93A}.Debug|Any CPU.ActiveCfg = Debug|Any CPU
		{86FF0541-82DE-45D9-9239-16CE1EB8F93A}.Debug|Any CPU.Build.0 = Debug|Any CPU
		{86FF0541-82DE-45D9-9239-16CE1EB8F93A}.Release|Any CPU.ActiveCfg = Release|Any CPU
		{86FF0541-82DE-45D9-9239-16CE1EB8F93A}.Release|Any CPU.Build.0 = Release|Any CPU
		{8BCF2766-6D0A-4AD5-B828-C21660C3D1FB}.Debug|Any CPU.ActiveCfg = Debug|Any CPU
		{8BCF2766-6D0A-4AD5-B828-C21660C3D1FB}.Debug|Any CPU.Build.0 = Debug|Any CPU
		{8BCF2766-6D0A-4AD5-B828-C21660C3D1FB}.Release|Any CPU.ActiveCfg = Release|Any CPU
		{8BCF2766-6D0A-4AD5-B828-C21660C3D1FB}.Release|Any CPU.Build.0 = Release|Any CPU
		{A5B3148B-9E05-4A46-BAC0-7DBAAF8F8E2A}.Debug|Any CPU.ActiveCfg = Debug|Any CPU
		{A5B3148B-9E05-4A46-BAC0-7DBAAF8F8E2A}.Debug|Any CPU.Build.0 = Debug|Any CPU
		{A5B3148B-9E05-4A46-BAC0-7DBAAF8F8E2A}.Release|Any CPU.ActiveCfg = Release|Any CPU
		{A5B3148B-9E05-4A46-BAC0-7DBAAF8F8E2A}.Release|Any CPU.Build.0 = Release|Any CPU
		{0B1463EB-DFC2-4DE3-B2B8-7E7347866106}.Debug|Any CPU.ActiveCfg = Debug|Any CPU
		{0B1463EB-DFC2-4DE3-B2B8-7E7347866106}.Debug|Any CPU.Build.0 = Debug|Any CPU
		{0B1463EB-DFC2-4DE3-B2B8-7E7347866106}.Release|Any CPU.ActiveCfg = Release|Any CPU
		{0B1463EB-DFC2-4DE3-B2B8-7E7347866106}.Release|Any CPU.Build.0 = Release|Any CPU
		{515D68AB-7312-448C-AC99-6DB3910255B2}.Debug|Any CPU.ActiveCfg = Debug|Any CPU
		{515D68AB-7312-448C-AC99-6DB3910255B2}.Debug|Any CPU.Build.0 = Debug|Any CPU
		{515D68AB-7312-448C-AC99-6DB3910255B2}.Release|Any CPU.ActiveCfg = Release|Any CPU
		{515D68AB-7312-448C-AC99-6DB3910255B2}.Release|Any CPU.Build.0 = Release|Any CPU
		{F94D1FF7-F49E-4276-8FD5-BCB157E93ED7}.Debug|Any CPU.ActiveCfg = Debug|Any CPU
		{F94D1FF7-F49E-4276-8FD5-BCB157E93ED7}.Debug|Any CPU.Build.0 = Debug|Any CPU
		{F94D1FF7-F49E-4276-8FD5-BCB157E93ED7}.Release|Any CPU.ActiveCfg = Release|Any CPU
		{F94D1FF7-F49E-4276-8FD5-BCB157E93ED7}.Release|Any CPU.Build.0 = Release|Any CPU
	EndGlobalSection
	GlobalSection(SolutionProperties) = preSolution
		HideSolutionNode = FALSE
	EndGlobalSection
	GlobalSection(NestedProjects) = preSolution
		{86FF0541-82DE-45D9-9239-16CE1EB8F93A} = {8FC6312B-7C72-4BB2-AEEB-4853DE34B2D1}
		{8BCF2766-6D0A-4AD5-B828-C21660C3D1FB} = {60B72B74-6EFE-4842-9753-FF1DEA8350D3}
		{A5B3148B-9E05-4A46-BAC0-7DBAAF8F8E2A} = {60B72B74-6EFE-4842-9753-FF1DEA8350D3}
		{0B1463EB-DFC2-4DE3-B2B8-7E7347866106} = {A6DC075B-D71F-46AD-A6C5-CB16A2CDBB28}
		{515D68AB-7312-448C-AC99-6DB3910255B2} = {A6DC075B-D71F-46AD-A6C5-CB16A2CDBB28}
		{F94D1FF7-F49E-4276-8FD5-BCB157E93ED7} = {60B72B74-6EFE-4842-9753-FF1DEA8350D3}
		{60B72B74-6EFE-4842-9753-FF1DEA8350D3} = {02EA681E-C7D8-13C7-8484-4AC65E1B71E8}
		{8FC6312B-7C72-4BB2-AEEB-4853DE34B2D1} = {02EA681E-C7D8-13C7-8484-4AC65E1B71E8}
		{A6DC075B-D71F-46AD-A6C5-CB16A2CDBB28} = {02EA681E-C7D8-13C7-8484-4AC65E1B71E8}
	EndGlobalSection
	GlobalSection(ExtensibilityGlobals) = postSolution
		SolutionGuid = {B59EACC7-D6A5-46B7-B1C3-EE0977E79E3D}
	EndGlobalSection
EndGlobal
